// !$*UTF8*$!
{
	archiveVersion = 1;
	classes = {
	};
	objectVersion = 50;
	objects = {

/* Begin PBXBuildFile section */
		0314716C2182E644005A2900 /* portrait.mp4 in Resources */ = {isa = PBXBuildFile; fileRef = 031471652182B129005A2900 /* portrait.mp4 */; };
		0314716D2182E648005A2900 /* landscape.mp4 in Resources */ = {isa = PBXBuildFile; fileRef = 031471672182B216005A2900 /* landscape.mp4 */; };
		038035DA2181BC3000201993 /* AppDelegate.m in Sources */ = {isa = PBXBuildFile; fileRef = 038035D92181BC3000201993 /* AppDelegate.m */; };
		038035DD2181BC3000201993 /* ViewController.m in Sources */ = {isa = PBXBuildFile; fileRef = 038035DC2181BC3000201993 /* ViewController.m */; };
		038035E02181BC3000201993 /* Main.storyboard in Resources */ = {isa = PBXBuildFile; fileRef = 038035DE2181BC3000201993 /* Main.storyboard */; };
		038035E22181BC3200201993 /* Assets.xcassets in Resources */ = {isa = PBXBuildFile; fileRef = 038035E12181BC3200201993 /* Assets.xcassets */; };
		038035E52181BC3200201993 /* LaunchScreen.storyboard in Resources */ = {isa = PBXBuildFile; fileRef = 038035E32181BC3200201993 /* LaunchScreen.storyboard */; };
		038035E82181BC3200201993 /* main.m in Sources */ = {isa = PBXBuildFile; fileRef = 038035E72181BC3200201993 /* main.m */; };
		038035F22181BC3200201993 /* clearDimPicTests.m in Sources */ = {isa = PBXBuildFile; fileRef = 038035F12181BC3200201993 /* clearDimPicTests.m */; };
		038035FD2181BC3200201993 /* clearDimPicUITests.m in Sources */ = {isa = PBXBuildFile; fileRef = 038035FC2181BC3200201993 /* clearDimPicUITests.m */; };
/* End PBXBuildFile section */

/* Begin PBXContainerItemProxy section */
		038035EE2181BC3200201993 /* PBXContainerItemProxy */ = {
			isa = PBXContainerItemProxy;
			containerPortal = 038035CD2181BC3000201993 /* Project object */;
			proxyType = 1;
			remoteGlobalIDString = 038035D42181BC3000201993;
			remoteInfo = clearDimPic;
		};
		038035F92181BC3200201993 /* PBXContainerItemProxy */ = {
			isa = PBXContainerItemProxy;
			containerPortal = 038035CD2181BC3000201993 /* Project object */;
			proxyType = 1;
			remoteGlobalIDString = 038035D42181BC3000201993;
			remoteInfo = clearDimPic;
		};
/* End PBXContainerItemProxy section */

/* Begin PBXFileReference section */
		031471652182B129005A2900 /* portrait.mp4 */ = {isa = PBXFileReference; lastKnownFileType = file; path = portrait.mp4; sourceTree = "<group>"; };
		031471672182B216005A2900 /* landscape.mp4 */ = {isa = PBXFileReference; lastKnownFileType = file; path = landscape.mp4; sourceTree = "<group>"; };
		038035D52181BC3000201993 /* clearDimPic.app */ = {isa = PBXFileReference; explicitFileType = wrapper.application; includeInIndex = 0; path = clearDimPic.app; sourceTree = BUILT_PRODUCTS_DIR; };
		038035D82181BC3000201993 /* AppDelegate.h */ = {isa = PBXFileReference; lastKnownFileType = sourcecode.c.h; path = AppDelegate.h; sourceTree = "<group>"; };
		038035D92181BC3000201993 /* AppDelegate.m */ = {isa = PBXFileReference; lastKnownFileType = sourcecode.c.objc; path = AppDelegate.m; sourceTree = "<group>"; };
		038035DB2181BC3000201993 /* ViewController.h */ = {isa = PBXFileReference; lastKnownFileType = sourcecode.c.h; path = ViewController.h; sourceTree = "<group>"; };
		038035DC2181BC3000201993 /* ViewController.m */ = {isa = PBXFileReference; lastKnownFileType = sourcecode.c.objc; path = ViewController.m; sourceTree = "<group>"; };
		038035DF2181BC3000201993 /* Base */ = {isa = PBXFileReference; lastKnownFileType = file.storyboard; name = Base; path = Base.lproj/Main.storyboard; sourceTree = "<group>"; };
		038035E12181BC3200201993 /* Assets.xcassets */ = {isa = PBXFileReference; lastKnownFileType = folder.assetcatalog; path = Assets.xcassets; sourceTree = "<group>"; };
		038035E42181BC3200201993 /* Base */ = {isa = PBXFileReference; lastKnownFileType = file.storyboard; name = Base; path = Base.lproj/LaunchScreen.storyboard; sourceTree = "<group>"; };
		038035E62181BC3200201993 /* Info.plist */ = {isa = PBXFileReference; lastKnownFileType = text.plist.xml; path = Info.plist; sourceTree = "<group>"; };
		038035E72181BC3200201993 /* main.m */ = {isa = PBXFileReference; lastKnownFileType = sourcecode.c.objc; path = main.m; sourceTree = "<group>"; };
		038035ED2181BC3200201993 /* clearDimPicTests.xctest */ = {isa = PBXFileReference; explicitFileType = wrapper.cfbundle; includeInIndex = 0; path = clearDimPicTests.xctest; sourceTree = BUILT_PRODUCTS_DIR; };
		038035F12181BC3200201993 /* clearDimPicTests.m */ = {isa = PBXFileReference; lastKnownFileType = sourcecode.c.objc; path = clearDimPicTests.m; sourceTree = "<group>"; };
		038035F32181BC3200201993 /* Info.plist */ = {isa = PBXFileReference; lastKnownFileType = text.plist.xml; path = Info.plist; sourceTree = "<group>"; };
		038035F82181BC3200201993 /* clearDimPicUITests.xctest */ = {isa = PBXFileReference; explicitFileType = wrapper.cfbundle; includeInIndex = 0; path = clearDimPicUITests.xctest; sourceTree = BUILT_PRODUCTS_DIR; };
		038035FC2181BC3200201993 /* clearDimPicUITests.m */ = {isa = PBXFileReference; lastKnownFileType = sourcecode.c.objc; path = clearDimPicUITests.m; sourceTree = "<group>"; };
		038035FE2181BC3200201993 /* Info.plist */ = {isa = PBXFileReference; lastKnownFileType = text.plist.xml; path = Info.plist; sourceTree = "<group>"; };
/* End PBXFileReference section */

/* Begin PBXFrameworksBuildPhase section */
		038035D22181BC3000201993 /* Frameworks */ = {
			isa = PBXFrameworksBuildPhase;
			buildActionMask = 2147483647;
			files = (
			);
			runOnlyForDeploymentPostprocessing = 0;
		};
		038035EA2181BC3200201993 /* Frameworks */ = {
			isa = PBXFrameworksBuildPhase;
			buildActionMask = 2147483647;
			files = (
			);
			runOnlyForDeploymentPostprocessing = 0;
		};
		038035F52181BC3200201993 /* Frameworks */ = {
			isa = PBXFrameworksBuildPhase;
			buildActionMask = 2147483647;
			files = (
			);
			runOnlyForDeploymentPostprocessing = 0;
		};
/* End PBXFrameworksBuildPhase section */

/* Begin PBXGroup section */
		038035CC2181BC3000201993 = {
			isa = PBXGroup;
			children = (
				038035D72181BC3000201993 /* clearDimPic */,
				038035F02181BC3200201993 /* clearDimPicTests */,
				038035FB2181BC3200201993 /* clearDimPicUITests */,
				038035D62181BC3000201993 /* Products */,
			);
			sourceTree = "<group>";
		};
		038035D62181BC3000201993 /* Products */ = {
			isa = PBXGroup;
			children = (
				038035D52181BC3000201993 /* clearDimPic.app */,
				038035ED2181BC3200201993 /* clearDimPicTests.xctest */,
				038035F82181BC3200201993 /* clearDimPicUITests.xctest */,
			);
			name = Products;
			sourceTree = "<group>";
		};
		038035D72181BC3000201993 /* clearDimPic */ = {
			isa = PBXGroup;
			children = (
				031471652182B129005A2900 /* portrait.mp4 */,
				031471672182B216005A2900 /* landscape.mp4 */,
				038035D82181BC3000201993 /* AppDelegate.h */,
				038035D92181BC3000201993 /* AppDelegate.m */,
				038035DB2181BC3000201993 /* ViewController.h */,
				038035DC2181BC3000201993 /* ViewController.m */,
				038035DE2181BC3000201993 /* Main.storyboard */,
				038035E12181BC3200201993 /* Assets.xcassets */,
				038035E32181BC3200201993 /* LaunchScreen.storyboard */,
				038035E62181BC3200201993 /* Info.plist */,
				038035E72181BC3200201993 /* main.m */,
			);
			path = clearDimPic;
			sourceTree = "<group>";
		};
		038035F02181BC3200201993 /* clearDimPicTests */ = {
			isa = PBXGroup;
			children = (
				038035F12181BC3200201993 /* clearDimPicTests.m */,
				038035F32181BC3200201993 /* Info.plist */,
			);
			path = clearDimPicTests;
			sourceTree = "<group>";
		};
		038035FB2181BC3200201993 /* clearDimPicUITests */ = {
			isa = PBXGroup;
			children = (
				038035FC2181BC3200201993 /* clearDimPicUITests.m */,
				038035FE2181BC3200201993 /* Info.plist */,
			);
			path = clearDimPicUITests;
			sourceTree = "<group>";
		};
/* End PBXGroup section */

/* Begin PBXNativeTarget section */
		038035D42181BC3000201993 /* clearDimPic */ = {
			isa = PBXNativeTarget;
			buildConfigurationList = 038036012181BC3200201993 /* Build configuration list for PBXNativeTarget "clearDimPic" */;
			buildPhases = (
				038035D12181BC3000201993 /* Sources */,
				038035D22181BC3000201993 /* Frameworks */,
				038035D32181BC3000201993 /* Resources */,
			);
			buildRules = (
			);
			dependencies = (
			);
			name = clearDimPic;
			productName = clearDimPic;
			productReference = 038035D52181BC3000201993 /* clearDimPic.app */;
			productType = "com.apple.product-type.application";
		};
		038035EC2181BC3200201993 /* clearDimPicTests */ = {
			isa = PBXNativeTarget;
			buildConfigurationList = 038036042181BC3200201993 /* Build configuration list for PBXNativeTarget "clearDimPicTests" */;
			buildPhases = (
				038035E92181BC3200201993 /* Sources */,
				038035EA2181BC3200201993 /* Frameworks */,
				038035EB2181BC3200201993 /* Resources */,
			);
			buildRules = (
			);
			dependencies = (
				038035EF2181BC3200201993 /* PBXTargetDependency */,
			);
			name = clearDimPicTests;
			productName = clearDimPicTests;
			productReference = 038035ED2181BC3200201993 /* clearDimPicTests.xctest */;
			productType = "com.apple.product-type.bundle.unit-test";
		};
		038035F72181BC3200201993 /* clearDimPicUITests */ = {
			isa = PBXNativeTarget;
			buildConfigurationList = 038036072181BC3200201993 /* Build configuration list for PBXNativeTarget "clearDimPicUITests" */;
			buildPhases = (
				038035F42181BC3200201993 /* Sources */,
				038035F52181BC3200201993 /* Frameworks */,
				038035F62181BC3200201993 /* Resources */,
			);
			buildRules = (
			);
			dependencies = (
				038035FA2181BC3200201993 /* PBXTargetDependency */,
			);
			name = clearDimPicUITests;
			productName = clearDimPicUITests;
			productReference = 038035F82181BC3200201993 /* clearDimPicUITests.xctest */;
			productType = "com.apple.product-type.bundle.ui-testing";
		};
/* End PBXNativeTarget section */

/* Begin PBXProject section */
		038035CD2181BC3000201993 /* Project object */ = {
			isa = PBXProject;
			attributes = {
				LastUpgradeCheck = 1000;
				ORGANIZATIONNAME = boboMa;
				TargetAttributes = {
					038035D42181BC3000201993 = {
						CreatedOnToolsVersion = 10.0;
					};
					038035EC2181BC3200201993 = {
						CreatedOnToolsVersion = 10.0;
						TestTargetID = 038035D42181BC3000201993;
					};
					038035F72181BC3200201993 = {
						CreatedOnToolsVersion = 10.0;
						TestTargetID = 038035D42181BC3000201993;
					};
				};
			};
			buildConfigurationList = 038035D02181BC3000201993 /* Build configuration list for PBXProject "clearDimPic" */;
			compatibilityVersion = "Xcode 9.3";
			developmentRegion = en;
			hasScannedForEncodings = 0;
			knownRegions = (
				en,
				Base,
			);
			mainGroup = 038035CC2181BC3000201993;
			productRefGroup = 038035D62181BC3000201993 /* Products */;
			projectDirPath = "";
			projectRoot = "";
			targets = (
				038035D42181BC3000201993 /* clearDimPic */,
				038035EC2181BC3200201993 /* clearDimPicTests */,
				038035F72181BC3200201993 /* clearDimPicUITests */,
			);
		};
/* End PBXProject section */

/* Begin PBXResourcesBuildPhase section */
		038035D32181BC3000201993 /* Resources */ = {
			isa = PBXResourcesBuildPhase;
			buildActionMask = 2147483647;
			files = (
				0314716D2182E648005A2900 /* landscape.mp4 in Resources */,
				0314716C2182E644005A2900 /* portrait.mp4 in Resources */,
				038035E52181BC3200201993 /* LaunchScreen.storyboard in Resources */,
				038035E22181BC3200201993 /* Assets.xcassets in Resources */,
				038035E02181BC3000201993 /* Main.storyboard in Resources */,
			);
			runOnlyForDeploymentPostprocessing = 0;
		};
		038035EB2181BC3200201993 /* Resources */ = {
			isa = PBXResourcesBuildPhase;
			buildActionMask = 2147483647;
			files = (
			);
			runOnlyForDeploymentPostprocessing = 0;
		};
		038035F62181BC3200201993 /* Resources */ = {
			isa = PBXResourcesBuildPhase;
			buildActionMask = 2147483647;
			files = (
			);
			runOnlyForDeploymentPostprocessing = 0;
		};
/* End PBXResourcesBuildPhase section */

/* Begin PBXSourcesBuildPhase section */
		038035D12181BC3000201993 /* Sources */ = {
			isa = PBXSourcesBuildPhase;
			buildActionMask = 2147483647;
			files = (
				038035DD2181BC3000201993 /* ViewController.m in Sources */,
				038035E82181BC3200201993 /* main.m in Sources */,
				038035DA2181BC3000201993 /* AppDelegate.m in Sources */,
			);
			runOnlyForDeploymentPostprocessing = 0;
		};
		038035E92181BC3200201993 /* Sources */ = {
			isa = PBXSourcesBuildPhase;
			buildActionMask = 2147483647;
			files = (
				038035F22181BC3200201993 /* clearDimPicTests.m in Sources */,
			);
			runOnlyForDeploymentPostprocessing = 0;
		};
		038035F42181BC3200201993 /* Sources */ = {
			isa = PBXSourcesBuildPhase;
			buildActionMask = 2147483647;
			files = (
				038035FD2181BC3200201993 /* clearDimPicUITests.m in Sources */,
			);
			runOnlyForDeploymentPostprocessing = 0;
		};
/* End PBXSourcesBuildPhase section */

/* Begin PBXTargetDependency section */
		038035EF2181BC3200201993 /* PBXTargetDependency */ = {
			isa = PBXTargetDependency;
			target = 038035D42181BC3000201993 /* clearDimPic */;
			targetProxy = 038035EE2181BC3200201993 /* PBXContainerItemProxy */;
		};
		038035FA2181BC3200201993 /* PBXTargetDependency */ = {
			isa = PBXTargetDependency;
			target = 038035D42181BC3000201993 /* clearDimPic */;
			targetProxy = 038035F92181BC3200201993 /* PBXContainerItemProxy */;
		};
/* End PBXTargetDependency section */

/* Begin PBXVariantGroup section */
		038035DE2181BC3000201993 /* Main.storyboard */ = {
			isa = PBXVariantGroup;
			children = (
				038035DF2181BC3000201993 /* Base */,
			);
			name = Main.storyboard;
			sourceTree = "<group>";
		};
		038035E32181BC3200201993 /* LaunchScreen.storyboard */ = {
			isa = PBXVariantGroup;
			children = (
				038035E42181BC3200201993 /* Base */,
			);
			name = LaunchScreen.storyboard;
			sourceTree = "<group>";
		};
/* End PBXVariantGroup section */

/* Begin XCBuildConfiguration section */
		038035FF2181BC3200201993 /* Debug */ = {
			isa = XCBuildConfiguration;
			buildSettings = {
				ALWAYS_SEARCH_USER_PATHS = NO;
				CLANG_ANALYZER_NONNULL = YES;
				CLANG_ANALYZER_NUMBER_OBJECT_CONVERSION = YES_AGGRESSIVE;
				CLANG_CXX_LANGUAGE_STANDARD = "gnu++14";
				CLANG_CXX_LIBRARY = "libc++";
				CLANG_ENABLE_MODULES = YES;
				CLANG_ENABLE_OBJC_ARC = YES;
				CLANG_ENABLE_OBJC_WEAK = YES;
				CLANG_WARN_BLOCK_CAPTURE_AUTORELEASING = YES;
				CLANG_WARN_BOOL_CONVERSION = YES;
				CLANG_WARN_COMMA = YES;
				CLANG_WARN_CONSTANT_CONVERSION = YES;
				CLANG_WARN_DEPRECATED_OBJC_IMPLEMENTATIONS = YES;
				CLANG_WARN_DIRECT_OBJC_ISA_USAGE = YES_ERROR;
				CLANG_WARN_DOCUMENTATION_COMMENTS = YES;
				CLANG_WARN_EMPTY_BODY = YES;
				CLANG_WARN_ENUM_CONVERSION = YES;
				CLANG_WARN_INFINITE_RECURSION = YES;
				CLANG_WARN_INT_CONVERSION = YES;
				CLANG_WARN_NON_LITERAL_NULL_CONVERSION = YES;
				CLANG_WARN_OBJC_IMPLICIT_RETAIN_SELF = YES;
				CLANG_WARN_OBJC_LITERAL_CONVERSION = YES;
				CLANG_WARN_OBJC_ROOT_CLASS = YES_ERROR;
				CLANG_WARN_RANGE_LOOP_ANALYSIS = YES;
				CLANG_WARN_STRICT_PROTOTYPES = YES;
				CLANG_WARN_SUSPICIOUS_MOVE = YES;
				CLANG_WARN_UNGUARDED_AVAILABILITY = YES_AGGRESSIVE;
				CLANG_WARN_UNREACHABLE_CODE = YES;
				CLANG_WARN__DUPLICATE_METHOD_MATCH = YES;
				CODE_SIGN_IDENTITY = "iPhone Developer";
				COPY_PHASE_STRIP = NO;
				DEBUG_INFORMATION_FORMAT = dwarf;
				ENABLE_STRICT_OBJC_MSGSEND = YES;
				ENABLE_TESTABILITY = YES;
				GCC_C_LANGUAGE_STANDARD = gnu11;
				GCC_DYNAMIC_NO_PIC = NO;
				GCC_NO_COMMON_BLOCKS = YES;
				GCC_OPTIMIZATION_LEVEL = 0;
				GCC_PREPROCESSOR_DEFINITIONS = (
					"DEBUG=1",
					"$(inherited)",
				);
				GCC_WARN_64_TO_32_BIT_CONVERSION = YES;
				GCC_WARN_ABOUT_RETURN_TYPE = YES_ERROR;
				GCC_WARN_UNDECLARED_SELECTOR = YES;
				GCC_WARN_UNINITIALIZED_AUTOS = YES_AGGRESSIVE;
				GCC_WARN_UNUSED_FUNCTION = YES;
				GCC_WARN_UNUSED_VARIABLE = YES;
				IPHONEOS_DEPLOYMENT_TARGET = 12.0;
				MTL_ENABLE_DEBUG_INFO = INCLUDE_SOURCE;
				MTL_FAST_MATH = YES;
				ONLY_ACTIVE_ARCH = YES;
				SDKROOT = iphoneos;
			};
			name = Debug;
		};
		038036002181BC3200201993 /* Release */ = {
			isa = XCBuildConfiguration;
			buildSettings = {
				ALWAYS_SEARCH_USER_PATHS = NO;
				CLANG_ANALYZER_NONNULL = YES;
				CLANG_ANALYZER_NUMBER_OBJECT_CONVERSION = YES_AGGRESSIVE;
				CLANG_CXX_LANGUAGE_STANDARD = "gnu++14";
				CLANG_CXX_LIBRARY = "libc++";
				CLANG_ENABLE_MODULES = YES;
				CLANG_ENABLE_OBJC_ARC = YES;
				CLANG_ENABLE_OBJC_WEAK = YES;
				CLANG_WARN_BLOCK_CAPTURE_AUTORELEASING = YES;
				CLANG_WARN_BOOL_CONVERSION = YES;
				CLANG_WARN_COMMA = YES;
				CLANG_WARN_CONSTANT_CONVERSION = YES;
				CLANG_WARN_DEPRECATED_OBJC_IMPLEMENTATIONS = YES;
				CLANG_WARN_DIRECT_OBJC_ISA_USAGE = YES_ERROR;
				CLANG_WARN_DOCUMENTATION_COMMENTS = YES;
				CLANG_WARN_EMPTY_BODY = YES;
				CLANG_WARN_ENUM_CONVERSION = YES;
				CLANG_WARN_INFINITE_RECURSION = YES;
				CLANG_WARN_INT_CONVERSION = YES;
				CLANG_WARN_NON_LITERAL_NULL_CONVERSION = YES;
				CLANG_WARN_OBJC_IMPLICIT_RETAIN_SELF = YES;
				CLANG_WARN_OBJC_LITERAL_CONVERSION = YES;
				CLANG_WARN_OBJC_ROOT_CLASS = YES_ERROR;
				CLANG_WARN_RANGE_LOOP_ANALYSIS = YES;
				CLANG_WARN_STRICT_PROTOTYPES = YES;
				CLANG_WARN_SUSPICIOUS_MOVE = YES;
				CLANG_WARN_UNGUARDED_AVAILABILITY = YES_AGGRESSIVE;
				CLANG_WARN_UNREACHABLE_CODE = YES;
				CLANG_WARN__DUPLICATE_METHOD_MATCH = YES;
				CODE_SIGN_IDENTITY = "iPhone Developer";
				COPY_PHASE_STRIP = NO;
				DEBUG_INFORMATION_FORMAT = "dwarf-with-dsym";
				ENABLE_NS_ASSERTIONS = NO;
				ENABLE_STRICT_OBJC_MSGSEND = YES;
				GCC_C_LANGUAGE_STANDARD = gnu11;
				GCC_NO_COMMON_BLOCKS = YES;
				GCC_WARN_64_TO_32_BIT_CONVERSION = YES;
				GCC_WARN_ABOUT_RETURN_TYPE = YES_ERROR;
				GCC_WARN_UNDECLARED_SELECTOR = YES;
				GCC_WARN_UNINITIALIZED_AUTOS = YES_AGGRESSIVE;
				GCC_WARN_UNUSED_FUNCTION = YES;
				GCC_WARN_UNUSED_VARIABLE = YES;
				IPHONEOS_DEPLOYMENT_TARGET = 12.0;
				MTL_ENABLE_DEBUG_INFO = NO;
				MTL_FAST_MATH = YES;
				SDKROOT = iphoneos;
				VALIDATE_PRODUCT = YES;
			};
			name = Release;
		};
		038036022181BC3200201993 /* Debug */ = {
			isa = XCBuildConfiguration;
			buildSettings = {
				ASSETCATALOG_COMPILER_APPICON_NAME = AppIcon;
				CODE_SIGN_STYLE = Automatic;
				DEVELOPMENT_TEAM = AM267Y224D;
				INFOPLIST_FILE = clearDimPic/Info.plist;
				LD_RUNPATH_SEARCH_PATHS = (
					"$(inherited)",
					"@executable_path/Frameworks",
				);
				PRODUCT_BUNDLE_IDENTIFIER = com.dogtop..clearDimPic;
				PRODUCT_NAME = "$(TARGET_NAME)";
				TARGETED_DEVICE_FAMILY = "1,2";
			};
			name = Debug;
		};
		038036032181BC3200201993 /* Release */ = {
			isa = XCBuildConfiguration;
			buildSettings = {
				ASSETCATALOG_COMPILER_APPICON_NAME = AppIcon;
				CODE_SIGN_STYLE = Automatic;
				DEVELOPMENT_TEAM = AM267Y224D;
				INFOPLIST_FILE = clearDimPic/Info.plist;
				LD_RUNPATH_SEARCH_PATHS = (
					"$(inherited)",
					"@executable_path/Frameworks",
				);
				PRODUCT_BUNDLE_IDENTIFIER = com.dogtop..clearDimPic;
				PRODUCT_NAME = "$(TARGET_NAME)";
				TARGETED_DEVICE_FAMILY = "1,2";
			};
			name = Release;
		};
		038036052181BC3200201993 /* Debug */ = {
			isa = XCBuildConfiguration;
			buildSettings = {
				BUNDLE_LOADER = "$(TEST_HOST)";
				CODE_SIGN_STYLE = Automatic;
				DEVELOPMENT_TEAM = AM267Y224D;
				INFOPLIST_FILE = clearDimPicTests/Info.plist;
				LD_RUNPATH_SEARCH_PATHS = (
					"$(inherited)",
					"@executable_path/Frameworks",
					"@loader_path/Frameworks",
				);
				PRODUCT_BUNDLE_IDENTIFIER = com.dogtop..clearDimPicTests;
				PRODUCT_NAME = "$(TARGET_NAME)";
				TARGETED_DEVICE_FAMILY = "1,2";
				TEST_HOST = "$(BUILT_PRODUCTS_DIR)/clearDimPic.app/clearDimPic";
			};
			name = Debug;
		};
		038036062181BC3200201993 /* Release */ = {
			isa = XCBuildConfiguration;
			buildSettings = {
				BUNDLE_LOADER = "$(TEST_HOST)";
				CODE_SIGN_STYLE = Automatic;
				DEVELOPMENT_TEAM = AM267Y224D;
				INFOPLIST_FILE = clearDimPicTests/Info.plist;
				LD_RUNPATH_SEARCH_PATHS = (
					"$(inherited)",
					"@executable_path/Frameworks",
					"@loader_path/Frameworks",
				);
				PRODUCT_BUNDLE_IDENTIFIER = com.dogtop..clearDimPicTests;
				PRODUCT_NAME = "$(TARGET_NAME)";
				TARGETED_DEVICE_FAMILY = "1,2";
				TEST_HOST = "$(BUILT_PRODUCTS_DIR)/clearDimPic.app/clearDimPic";
			};
			name = Release;
		};
		038036082181BC3200201993 /* Debug */ = {
			isa = XCBuildConfiguration;
			buildSettings = {
				CODE_SIGN_STYLE = Automatic;
				DEVELOPMENT_TEAM = AM267Y224D;
				INFOPLIST_FILE = clearDimPicUITests/Info.plist;
				LD_RUNPATH_SEARCH_PATHS = (
					"$(inherited)",
					"@executable_path/Frameworks",
					"@loader_path/Frameworks",
				);
				PRODUCT_BUNDLE_IDENTIFIER = com.dogtop..clearDimPicUITests;
				PRODUCT_NAME = "$(TARGET_NAME)";
				TARGETED_DEVICE_FAMILY = "1,2";
				TEST_TARGET_NAME = clearDimPic;
			};
			name = Debug;
		};
		038036092181BC3200201993 /* Release */ = {
			isa = XCBuildConfiguration;
			buildSettings = {
				CODE_SIGN_STYLE = Automatic;
				DEVELOPMENT_TEAM = AM267Y224D;
				INFOPLIST_FILE = clearDimPicUITests/Info.plist;
				LD_RUNPATH_SEARCH_PATHS = (
					"$(inherited)",
					"@executable_path/Frameworks",
					"@loader_path/Frameworks",
				);
				PRODUCT_BUNDLE_IDENTIFIER = com.dogtop..clearDimPicUITests;
				PRODUCT_NAME = "$(TARGET_NAME)";
				TARGETED_DEVICE_FAMILY = "1,2";
				TEST_TARGET_NAME = clearDimPic;
			};
			name = Release;
		};
/* End XCBuildConfiguration section */

/* Begin XCConfigurationList section */
		038035D02181BC3000201993 /* Build configuration list for PBXProject "clearDimPic" */ = {
			isa = XCConfigurationList;
			buildConfigurations = (
				038035FF2181BC3200201993 /* Debug */,
				038036002181BC3200201993 /* Release */,
			);
			defaultConfigurationIsVisible = 0;
			defaultConfigurationName = Release;
		};
		038036012181BC3200201993 /* Build configuration list for PBXNativeTarget "clearDimPic" */ = {
			isa = XCConfigurationList;
			buildConfigurations = (
				038036022181BC3200201993 /* Debug */,
				038036032181BC3200201993 /* Release */,
			);
			defaultConfigurationIsVisible = 0;
			defaultConfigurationName = Release;
		};
		038036042181BC3200201993 /* Build configuration list for PBXNativeTarget "clearDimPicTests" */ = {
			isa = XCConfigurationList;
			buildConfigurations = (
				038036052181BC3200201993 /* Debug */,
				038036062181BC3200201993 /* Release */,
			);
			defaultConfigurationIsVisible = 0;
			defaultConfigurationName = Release;
		};
		038036072181BC3200201993 /* Build configuration list for PBXNativeTarget "clearDimPicUITests" */ = {
			isa = XCConfigurationList;
			buildConfigurations = (
				038036082181BC3200201993 /* Debug */,
				038036092181BC3200201993 /* Release */,
			);
			defaultConfigurationIsVisible = 0;
			defaultConfigurationName = Release;
		};
/* End XCConfigurationList section */
	};
	rootObject = 038035CD2181BC3000201993 /* Project object */;
}
